Microsoft Visual Studio Solution File, Format Version 12.00
# Visual Studio Version 18
VisualStudioVersion = 18.3.11408.92 d18.3
MinimumVisualStudioVersion = 10.0.40219.1
Project("{FAE04EC0-301F-11D3-BF4B-00C04F79EFBC}") = "EcoParkAnimalManagementSystem", "EcoParkAnimalManagementSystem.csproj", "{4B37CC86-2472-DCFF-DEA4-C6489B5B71B3}"
EndProject
Project("{FAE04EC0-301F-11D3-BF4B-00C04F79EFBC}") = "EcoParkAnimalManagementSystem.GUI", "..\EcoParkAnimalManagementSystem.GUI\EcoParkAnimalManagementSystem.GUI.csproj", "{3D202EF9-C620-4964-829D-F71B408BB905}"
EndProject
Global
	GlobalSection(SolutionConfigurationPlatforms) = preSolution
		Debug|Any CPU = Debug|Any CPU
		Release|Any CPU = Release|Any CPU
	EndGlobalSection
	GlobalSection(ProjectConfigurationPlatforms) = postSolution
		{4B37CC86-2472-DCFF-DEA4-C6489B5B71B3}.Debug|Any CPU.ActiveCfg = Debug|Any CPU
		{4B37CC86-2472-DCFF-DEA4-C6489B5B71B3}.Debug|Any CPU.Build.0 = Debug|Any CPU
		{4B37CC86-2472-DCFF-DEA4-C6489B5B71B3}.Release|Any CPU.ActiveCfg = Release|Any CPU
		{4B37CC86-2472-DCFF-DEA4-C6489B5B71B3}.Release|Any CPU.Build.0 = Release|Any CPU
		{3D202EF9-C620-4964-829D-F71B408BB905}.Debug|Any CPU.ActiveCfg = Debug|Any CPU
		{3D202EF9-C620-4964-829D-F71B408BB905}.Debug|Any CPU.Build.0 = Debug|Any CPU
		{3D202EF9-C620-4964-829D-F71B408BB905}.Release|Any CPU.ActiveCfg = Release|Any CPU
		{3D202EF9-C620-4964-829D-F71B408BB905}.Release|Any CPU.Build.0 = Release|Any CPU
	EndGlobalSection
	GlobalSection(SolutionProperties) = preSolution
		HideSolutionNode = FALSE
	EndGlobalSection
	GlobalSection(ExtensibilityGlobals) = postSolution
		SolutionGuid = {5DC1B627-13BD-447D-80ED-2F757A9A8809}
	EndGlobalSection
EndGlobal
